# THIS IS AN AUTOGENERATED FILE. DO NOT EDIT THIS FILE DIRECTLY.
# yarn lockfile v1


"@babel/code-frame@^7.10.4":
  version "7.27.1"
  resolved "https://registry.npmjs.org/@babel/code-frame/-/code-frame-7.27.1.tgz#200f715e66d52a23b221a9435534a91cc13ad5be"
  integrity sha512-cjQ7ZlQ0Mv3b47hABuTevyTuYN4i+loJKGeV9flcCgIK37cCXRh+L1bd3iBHlynerhQ7BhCkn2BPbQUL+rGqFg==
  dependencies:
    "@babel/helper-validator-identifier" "^7.27.1"
    js-tokens "^4.0.0"
    picocolors "^1.1.1"

"@babel/helper-validator-identifier@^7.27.1":
  version "7.27.1"
  resolved "https://registry.npmjs.org/@babel/helper-validator-identifier/-/helper-validator-identifier-7.27.1.tgz#a7054dcc145a967dd4dc8fee845a57c1316c9df8"
  integrity sha512-D2hP9eA+Sqx1kBZgzxZh0y1trbuU+JoDkiEwqhQ36nodYqJwyEIhPSdMNd7lOm/4io72luTPWH20Yda0xOuUow==

"@emnapi/core@^1.5.0":
  version "1.5.0"
  resolved "https://registry.npmjs.org/@emnapi/core/-/core-1.5.0.tgz#85cd84537ec989cebb2343606a1ee663ce4edaf0"
  integrity sha512-sbP8GzB1WDzacS8fgNPpHlp6C9VZe+SJP3F90W9rLemaQj2PzIuTEl1qDOYQf58YIpyjViI24y9aPWCjEzY2cg==
  dependencies:
    "@emnapi/wasi-threads" "1.1.0"
    tslib "^2.4.0"

"@emnapi/runtime@^1.5.0":
  version "1.5.0"
  resolved "https://registry.npmjs.org/@emnapi/runtime/-/runtime-1.5.0.tgz#9aebfcb9b17195dce3ab53c86787a6b7d058db73"
  integrity sha512-97/BJ3iXHww3djw6hYIfErCZFee7qCtrneuLa20UXFCOTCfBM2cvQHjWJ2EG0s0MtdNwInarqCTz35i4wWXHsQ==
  dependencies:
    tslib "^2.4.0"

"@emnapi/wasi-threads@1.1.0":
  version "1.1.0"
  resolved "https://registry.npmjs.org/@emnapi/wasi-threads/-/wasi-threads-1.1.0.tgz#60b2102fddc9ccb78607e4a3cf8403ea69be41bf"
  integrity sha512-WI0DdZ8xFSbgMjR1sFsKABJ/C5OnRrjT06JXbZKexJGrDuPTzZdDYfFlsgcCXCyf+suG5QU2e/y1Wo2V/OapLQ==
  dependencies:
    tslib "^2.4.0"

"@jridgewell/gen-mapping@^0.3.5":
  version "0.3.13"
  resolved "https://registry.npmjs.org/@jridgewell/gen-mapping/-/gen-mapping-0.3.13.tgz#6342a19f44347518c93e43b1ac69deb3c4656a1f"
  integrity sha512-2kkt/7niJ6MgEPxF0bYdQ6etZaA+fQvDcLKckhy1yIQOzaoKjBBjSj63/aLVjYE3qhRt5dvM+uUyfCg6UKCBbA==
  dependencies:
    "@jridgewell/sourcemap-codec" "^1.5.0"
    "@jridgewell/trace-mapping" "^0.3.24"

"@jridgewell/resolve-uri@^3.1.0":
  version "3.1.2"
  resolved "https://registry.npmjs.org/@jridgewell/resolve-uri/-/resolve-uri-3.1.2.tgz#7a0ee601f60f99a20c7c7c5ff0c80388c1189bd6"
  integrity sha512-bRISgCIjP20/tbWSPWMEi54QVPRZExkuD9lJL+UIxUKtwVJA8wW1Trb1jMs1RFXo1CBTNZ/5hpC9QvmKWdopKw==

"@jridgewell/source-map@^0.3.3":
  version "0.3.11"
  resolved "https://registry.npmjs.org/@jridgewell/source-map/-/source-map-0.3.11.tgz#b21835cbd36db656b857c2ad02ebd413cc13a9ba"
  integrity sha512-ZMp1V8ZFcPG5dIWnQLr3NSI1MiCU7UETdS/A0G8V/XWHvJv3ZsFqutJn1Y5RPmAPX6F3BiE397OqveU/9NCuIA==
  dependencies:
    "@jridgewell/gen-mapping" "^0.3.5"
    "@jridgewell/trace-mapping" "^0.3.25"

"@jridgewell/sourcemap-codec@^1.4.14", "@jridgewell/sourcemap-codec@^1.5.0":
  version "1.5.5"
  resolved "https://registry.npmjs.org/@jridgewell/sourcemap-codec/-/sourcemap-codec-1.5.5.tgz#6912b00d2c631c0d15ce1a7ab57cd657f2a8f8ba"
  integrity sha512-cYQ9310grqxueWbl+WuIUIaiUaDcj7WOq5fVhEljNVgRfOUhY9fy2zTvfoqWsnebh8Sl70VScFbICvJnLKB0Og==

"@jridgewell/trace-mapping@^0.3.24", "@jridgewell/trace-mapping@^0.3.25":
  version "0.3.31"
  resolved "https://registry.npmjs.org/@jridgewell/trace-mapping/-/trace-mapping-0.3.31.tgz#db15d6781c931f3a251a3dac39501c98a6082fd0"
  integrity sha512-zzNR+SdQSDJzc8joaeP8QQoCQr8NuYx2dIIytl1QeBEZHJ9uW6hebsrYgbz8hJwUQao3TWCMtmfV8Nu1twOLAw==
  dependencies:
    "@jridgewell/resolve-uri" "^3.1.0"
    "@jridgewell/sourcemap-codec" "^1.4.14"

"@napi-rs/wasm-runtime@^1.0.5":
  version "1.0.5"
  resolved "https://registry.npmjs.org/@napi-rs/wasm-runtime/-/wasm-runtime-1.0.5.tgz#1fc8952d993d476c9e57999a3b886239119ce476"
  integrity sha512-TBr9Cf9onSAS2LQ2+QHx6XcC6h9+RIzJgbqG3++9TUZSH204AwEy5jg3BTQ0VATsyoGj4ee49tN/y6rvaOOtcg==
  dependencies:
    "@emnapi/core" "^1.5.0"
    "@emnapi/runtime" "^1.5.0"
    "@tybys/wasm-util" "^0.10.1"

"@oxc-project/types@=0.89.0":
  version "0.89.0"
  resolved "https://registry.npmjs.org/@oxc-project/types/-/types-0.89.0.tgz#8c78b52c9754382d1c92c243aea75fdca642859a"
  integrity sha512-yuo+ECPIW5Q9mSeNmCDC2im33bfKuwW18mwkaHMQh8KakHYDzj4ci/q7wxf2qS3dMlVVCIyrs3kFtH5LmnlYnw==

"@oxlint/darwin-arm64@1.15.0":
  version "1.15.0"
  resolved "https://registry.npmjs.org/@oxlint/darwin-arm64/-/darwin-arm64-1.15.0.tgz#2f6fdf72ffb8056099673cac0d1dd3370647e0c9"
  integrity sha512-fwYg7WDKI6eAErREBGMXkIAOqBuBFN0LWbQJvVNXCGjywGxsisdwkHnNu4UG8IpHo4P71mUxf3l2xm+5Xiy+TA==

"@oxlint/darwin-x64@1.15.0":
  version "1.15.0"
  resolved "https://registry.npmjs.org/@oxlint/darwin-x64/-/darwin-x64-1.15.0.tgz#5956c7b681ba9c1439e2278c48f0a7ebde6bda50"
  integrity sha512-RtaAmB6NZZx4hvjCg6w35shzRY5fLclbMsToC92MTZ9lMDF9LotzcbyNHCZ1tvZb1tNPObpIsuX16BFeElF8nw==

"@oxlint/linux-arm64-gnu@1.15.0":
  version "1.15.0"
  resolved "https://registry.npmjs.org/@oxlint/linux-arm64-gnu/-/linux-arm64-gnu-1.15.0.tgz#3a2ffa8b0b1180da6daa2dc2d17421a4dad7221d"
  integrity sha512-8uV0lAbmqp93KTBlJWyCdQWuxTzLn+QrDRidUaCLJjn65uvv8KlRhZJoZoyLh17X6U/cgezYktWTMiMhxX56BA==

"@oxlint/linux-arm64-musl@1.15.0":
  version "1.15.0"
  resolved "https://registry.npmjs.org/@oxlint/linux-arm64-musl/-/linux-arm64-musl-1.15.0.tgz#9e2ea63e2782c4c6a83547a0cf0d700c7e431286"
  integrity sha512-/+hTqh1J29+2GitKrWUHIYjQBM1szWSJ1U7OzQlgL+Uvf8jxg4sn1nV79LcPMXhC2t8lZy5EOXOgwIh92DsdhQ==

"@oxlint/linux-x64-gnu@1.15.0":
  version "1.15.0"
  resolved "https://registry.npmjs.org/@oxlint/linux-x64-gnu/-/linux-x64-gnu-1.15.0.tgz#6fa4e05f0102a2f521bfc1a8987e29b0eec1777b"
  integrity sha512-GzeY3AhUd49yV+/76Gw0pjpwUJwxCkwYAJTNe7fFTdWjEQ6M6g8ZzJg5FKtUvgA5sMgmfzHhvSXxvT57YhcXnA==

"@oxlint/linux-x64-musl@1.15.0":
  version "1.15.0"
  resolved "https://registry.npmjs.org/@oxlint/linux-x64-musl/-/linux-x64-musl-1.15.0.tgz#abee6ab72c8ed9591218b0f62e816c29378a9a04"
  integrity sha512-p/7+juizUOCpGYreFmdfmIOSSSE3+JfsgnXnOHuP8mqlZfiOeXyevyajuXpPNRM60+k0reGvlV7ezp1iFitF7w==

"@oxlint/win32-arm64@1.15.0":
  version "1.15.0"
  resolved "https://registry.npmjs.org/@oxlint/win32-arm64/-/win32-arm64-1.15.0.tgz#e15284ee1ff79b10a0fb470e7b30885fb238142e"
  integrity sha512-2LaDLOtCMq+lzIQ63Eir3UJV/hQNlw01xtsij2L8sSxt4gA+zWvubOQJQIOPGMDxEKFcWT1lo/6YEXX/sNnZDA==

"@oxlint/win32-x64@1.15.0":
  version "1.15.0"
  resolved "https://registry.npmjs.org/@oxlint/win32-x64/-/win32-x64-1.15.0.tgz#2a478c02cbd486f0021424e7ca496bc868ef9937"
  integrity sha512-+jgRPpZrFIcrNxCVsDIy6HVCRpKVDN0DHD8VJodjrsDv6heqhq/qCTa2IXY3R4glWe1nWQ5JgdFKLn3Bl+aLNg==

"@rolldown/binding-android-arm64@1.0.0-beta.38":
  version "1.0.0-beta.38"
  resolved "https://registry.npmjs.org/@rolldown/binding-android-arm64/-/binding-android-arm64-1.0.0-beta.38.tgz#8f56cb4e63acc36db914bd1f9e92ca8773757674"
  integrity sha512-AE3HFQrjWCKLFZD1Vpiy+qsqTRwwoil1oM5WsKPSmfQ5fif/A+ZtOZetF32erZdsR7qyvns6qHEteEsF6g6rsQ==

"@rolldown/binding-darwin-arm64@1.0.0-beta.38":
  version "1.0.0-beta.38"
  resolved "https://registry.npmjs.org/@rolldown/binding-darwin-arm64/-/binding-darwin-arm64-1.0.0-beta.38.tgz#ed086209da74f8dbe684e51cdbc167a9bd038ab0"
  integrity sha512-RaoWOKc0rrFsVmKOjQpebMY6c6/I7GR1FBc25v7L/R7NlM0166mUotwGEv7vxu7ruXH4SJcFeVrfADFUUXUmmQ==

"@rolldown/binding-darwin-x64@1.0.0-beta.38":
  version "1.0.0-beta.38"
  resolved "https://registry.npmjs.org/@rolldown/binding-darwin-x64/-/binding-darwin-x64-1.0.0-beta.38.tgz#f1bfd8f13efe1469ceaa73be4ad7444200f48f16"
  integrity sha512-Ymojqc2U35iUc8NFU2XX1WQPfBRRHN6xHcrxAf9WS8BFFBn8pDrH5QPvH1tYs3lDkw6UGGbanr1RGzARqdUp1g==

"@rolldown/binding-freebsd-x64@1.0.0-beta.38":
  version "1.0.0-beta.38"
  resolved "https://registry.npmjs.org/@rolldown/binding-freebsd-x64/-/binding-freebsd-x64-1.0.0-beta.38.tgz#00bc3d9c7ac4204792a328ea7a6b48e3bea340a7"
  integrity sha512-0ermTQ//WzSI0nOL3z/LUWMNiE9xeM5cLGxjewPFEexqxV/0uM8/lNp9QageQ8jfc/VO1OURsGw34HYO5PaL8w==

"@rolldown/binding-linux-arm-gnueabihf@1.0.0-beta.38":
  version "1.0.0-beta.38"
  resolved "https://registry.npmjs.org/@rolldown/binding-linux-arm-gnueabihf/-/binding-linux-arm-gnueabihf-1.0.0-beta.38.tgz#00b12fc837220f0bb4a28cad933365d9e9c10b23"
  integrity sha512-GADxzVUTCTp6EWI52831A29Tt7PukFe94nhg/SUsfkI33oTiNQtPxyLIT/3oRegizGuPSZSlrdBurkjDwxyEUQ==

"@rolldown/binding-linux-arm64-gnu@1.0.0-beta.38":
  version "1.0.0-beta.38"
  resolved "https://registry.npmjs.org/@rolldown/binding-linux-arm64-gnu/-/binding-linux-arm64-gnu-1.0.0-beta.38.tgz#1d27fb03a23fc94280b499a11a6a81fb5dd943c5"
  integrity sha512-SKO7Exl5Yem/OSNoA5uLHzyrptUQ8Hg70kHDxuwEaH0+GUg+SQe9/7PWmc4hFKBMrJGdQtii8WZ0uIz9Dofg5Q==

"@rolldown/binding-linux-arm64-musl@1.0.0-beta.38":
  version "1.0.0-beta.38"
  resolved "https://registry.npmjs.org/@rolldown/binding-linux-arm64-musl/-/binding-linux-arm64-musl-1.0.0-beta.38.tgz#55aa5a5e1262ccc8bf7655a8199fac1384d6ff04"
  integrity sha512-SOo6+WqhXPBaShLxLT0eCgH17d3Yu1lMAe4mFP0M9Bvr/kfMSOPQXuLxBcbBU9IFM9w3N6qP9xWOHO+oUJvi8Q==

"@rolldown/binding-linux-x64-gnu@1.0.0-beta.38":
  version "1.0.0-beta.38"
  resolved "https://registry.npmjs.org/@rolldown/binding-linux-x64-gnu/-/binding-linux-x64-gnu-1.0.0-beta.38.tgz#72d67e0cecdcc9622c618a0bb1f36de5a51483a8"
  integrity sha512-yvsQ3CyrodOX+lcoi+lejZGCOvJZa9xTsNB8OzpMDmHeZq3QzJfpYjXSAS6vie70fOkLVJb77UqYO193Cl8XBQ==

"@rolldown/binding-linux-x64-musl@1.0.0-beta.38":
  version "1.0.0-beta.38"
  resolved "https://registry.npmjs.org/@rolldown/binding-linux-x64-musl/-/binding-linux-x64-musl-1.0.0-beta.38.tgz#b4eca72e514f85636a32fa8d1b2c44a88a3b72e1"
  integrity sha512-84qzKMwUwikfYeOuJ4Kxm/3z15rt0nFGGQArHYIQQNSTiQdxGHxOkqXtzPFqrVfBJUdxBAf+jYzR1pttFJuWyg==

"@rolldown/binding-openharmony-arm64@1.0.0-beta.38":
  version "1.0.0-beta.38"
  resolved "https://registry.npmjs.org/@rolldown/binding-openharmony-arm64/-/binding-openharmony-arm64-1.0.0-beta.38.tgz#e2a13492eb40f1f69e2b10dc320595235af12bbe"
  integrity sha512-QrNiWlce01DYH0rL8K3yUBu+lNzY+B0DyCbIc2Atan6/S6flxOL0ow5DLQvMamOI/oKhrJ4xG+9MkMb9dDHbLQ==

"@rolldown/binding-wasm32-wasi@1.0.0-beta.38":
  version "1.0.0-beta.38"
  resolved "https://registry.npmjs.org/@rolldown/binding-wasm32-wasi/-/binding-wasm32-wasi-1.0.0-beta.38.tgz#910163a0726813e7adc07a49d62dcf3739b600c6"
  integrity sha512-fnLtHyjwEsG4/aNV3Uv3Qd1ZbdH+CopwJNoV0RgBqrcQB8V6/Qdikd5JKvnO23kb3QvIpP+dAMGZMv1c2PJMzw==
  dependencies:
    "@napi-rs/wasm-runtime" "^1.0.5"

"@rolldown/binding-win32-arm64-msvc@1.0.0-beta.38":
  version "1.0.0-beta.38"
  resolved "https://registry.npmjs.org/@rolldown/binding-win32-arm64-msvc/-/binding-win32-arm64-msvc-1.0.0-beta.38.tgz#c6ea254ab0a0603ce79e3d41c7d89f339d946711"
  integrity sha512-19cTfnGedem+RY+znA9J6ARBOCEFD4YSjnx0p5jiTm9tR6pHafRfFIfKlTXhun+NL0WWM/M0eb2IfPPYUa8+wg==

"@rolldown/binding-win32-ia32-msvc@1.0.0-beta.38":
  version "1.0.0-beta.38"
  resolved "https://registry.npmjs.org/@rolldown/binding-win32-ia32-msvc/-/binding-win32-ia32-msvc-1.0.0-beta.38.tgz#d9ab9c2ec9d697c9161418c205c49b9e2831c024"
  integrity sha512-HcICm4YzFJZV+fI0O0bFLVVlsWvRNo/AB9EfUXvNYbtAxakCnQZ15oq22deFdz6sfi9Y4/SagH2kPU723dhCFA==

"@rolldown/binding-win32-x64-msvc@1.0.0-beta.38":
  version "1.0.0-beta.38"
  resolved "https://registry.npmjs.org/@rolldown/binding-win32-x64-msvc/-/binding-win32-x64-msvc-1.0.0-beta.38.tgz#9dcec746d6315e9a4362a40e2863b433d698c057"
  integrity sha512-4Qx6cgEPXLb0XsCyLoQcUgYBpfL0sjugftob+zhUH0EOk/NVCAIT+h0NJhY+jn7pFpeKxhNMqhvTNx3AesxIAQ==

"@rolldown/pluginutils@1.0.0-beta.38":
  version "1.0.0-beta.38"
  resolved "https://registry.npmjs.org/@rolldown/pluginutils/-/pluginutils-1.0.0-beta.38.tgz#95253608c4629eb2a5f3d656009ac9ba031eb292"
  integrity sha512-N/ICGKleNhA5nc9XXQG/kkKHJ7S55u0x0XUJbbkmdCnFuoRkM1Il12q9q0eX19+M7KKUEPw/daUPIRnxhcxAIw==

"@tybys/wasm-util@^0.10.1":
  version "0.10.1"
  resolved "https://registry.npmjs.org/@tybys/wasm-util/-/wasm-util-0.10.1.tgz#ecddd3205cf1e2d5274649ff0eedd2991ed7f414"
  integrity sha512-9tTaPJLSiejZKx+Bmog4uSubteqTvFrVrURwkmHixBo0G4seD0zUxp98E1DzUBJxLQ3NPwXrGKDiVjwx/DpPsg==
  dependencies:
    tslib "^2.4.0"

"@types/node@*":
  version "24.5.2"
  resolved "https://registry.npmjs.org/@types/node/-/node-24.5.2.tgz#52ceb83f50fe0fcfdfbd2a9fab6db2e9e7ef6446"
  integrity sha512-FYxk1I7wPv3K2XBaoyH2cTnocQEu8AOZ60hPbsyukMPLv5/5qr7V1i8PLHdl6Zf87I+xZXFvPCXYjiTFq+YSDQ==
  dependencies:
    undici-types "~7.12.0"

acorn@^8.15.0:
  version "8.15.0"
  resolved "https://registry.npmjs.org/acorn/-/acorn-8.15.0.tgz#a360898bc415edaac46c8241f6383975b930b816"
  integrity sha512-NZyJarBfL7nWwIq+FDL6Zp/yHEhePMNnnJ0y3qfieCrmNvYct8uvtiV41UvlSe6apAfk0fY1FbWx+NwfmpvtTg==

ansis@^4.0.0:
  version "4.1.0"
  resolved "https://registry.npmjs.org/ansis/-/ansis-4.1.0.tgz#cd43ecd3f814f37223e518291c0e0b04f2915a0d"
  integrity sha512-BGcItUBWSMRgOCe+SVZJ+S7yTRG0eGt9cXAHev72yuGcY23hnLA7Bky5L/xLyPINoSN95geovfBkqoTlNZYa7w==

buffer-from@^1.0.0:
  version "1.1.2"
  resolved "https://registry.npmjs.org/buffer-from/-/buffer-from-1.1.2.tgz#2b146a6fd72e80b4f55d255f35ed59a3a9a41bd5"
  integrity sha512-E+XQCRwSbaaiChtv6k6Dwgc+bx+Bs6vuKJHHl5kox/BaKbhiXzqQOwK4cO22yElGp2OCmjwVhT3HmxgyPGnJfQ==

commander@^2.20.0:
  version "2.20.3"
  resolved "https://registry.npmjs.org/commander/-/commander-2.20.3.tgz#fd485e84c03eb4881c20722ba48035e8531aeb33"
  integrity sha512-GpVkmM8vF2vQUkj2LvZmD35JxeJOLCwJ9cUkugyk2nuhbv3+mJvpLYYt+0+USMxE+oj+ey/lJEnhZw75x/OMcQ==

has-flag@^4.0.0:
  version "4.0.0"
  resolved "https://registry.npmjs.org/has-flag/-/has-flag-4.0.0.tgz#944771fd9c81c81265c4d6941860da06bb59479b"
  integrity sha512-EykJT/Q1KjTWctppgIAgfSO0tKVuZUjhgMr17kqTumMl6Afv3EISleU7qZUzoXDFTAHTDC4NOoG/ZxU3EvlMPQ==

jest-worker@^26.2.1:
  version "26.6.2"
  resolved "https://registry.npmjs.org/jest-worker/-/jest-worker-26.6.2.tgz#7f72cbc4d643c365e27b9fd775f9d0eaa9c7a8ed"
  integrity sha512-KWYVV1c4i+jbMpaBC+U++4Va0cp8OisU185o73T1vo99hqi7w8tSJfUXYswwqqrjzwxa6KpRK54WhPvwf5w6PQ==
  dependencies:
    "@types/node" "*"
    merge-stream "^2.0.0"
    supports-color "^7.0.0"

js-tokens@^4.0.0:
  version "4.0.0"
  resolved "https://registry.npmjs.org/js-tokens/-/js-tokens-4.0.0.tgz#19203fb59991df98e3a287050d4647cdeaf32499"
  integrity sha512-RdJUflcE3cUzKiMqQgsCu06FPu9UdIJO0beYbPhHN4k6apgJtifcoCtT9bcxOpYBtpD2kCM6Sbzg4CausW/PKQ==

merge-stream@^2.0.0:
  version "2.0.0"
  resolved "https://registry.npmjs.org/merge-stream/-/merge-stream-2.0.0.tgz#52823629a14dd00c9770fb6ad47dc6310f2c1f60"
  integrity sha512-abv/qOcuPfk3URPfDzmZU1LKmuw8kT+0nIHvKrKgFrwifol/doWcdA4ZqsWQ8ENrFKkd67Mfpo/LovbIUsbt3w==

oxlint@^1.15.0:
  version "1.15.0"
  resolved "https://registry.npmjs.org/oxlint/-/oxlint-1.15.0.tgz#4450c3eaa747a756145b6cfb6035b3091789f6cc"
  integrity sha512-GZngkdF2FabM0pp0/l5OOhIQg+9L6LmOrmS8V8Vg+Swv9/VLJd/oc/LtAkv4HO45BNWL3EVaXzswI0CmGokVzw==
  optionalDependencies:
    "@oxlint/darwin-arm64" "1.15.0"
    "@oxlint/darwin-x64" "1.15.0"
    "@oxlint/linux-arm64-gnu" "1.15.0"
    "@oxlint/linux-arm64-musl" "1.15.0"
    "@oxlint/linux-x64-gnu" "1.15.0"
    "@oxlint/linux-x64-musl" "1.15.0"
    "@oxlint/win32-arm64" "1.15.0"
    "@oxlint/win32-x64" "1.15.0"

picocolors@^1.1.1:
  version "1.1.1"
  resolved "https://registry.npmjs.org/picocolors/-/picocolors-1.1.1.tgz#3d321af3eab939b083c8f929a1d12cda81c26b6b"
  integrity sha512-xceH2snhtb5M9liqDsmEw56le376mTZkEX/jEb/RxNFyegNul7eNslCXP9FDj/Lcu0X8KEyMceP2ntpaHrDEVA==

randombytes@^2.1.0:
  version "2.1.0"
  resolved "https://registry.npmjs.org/randombytes/-/randombytes-2.1.0.tgz#df6f84372f0270dc65cdf6291349ab7a473d4f2a"
  integrity sha512-vYl3iOX+4CKUWuxGi9Ukhie6fsqXqS9FE2Zaic4tNFD2N2QQaXOMFbuKK4QmDHC0JO6B1Zp41J0LpT0oR68amQ==
  dependencies:
    safe-buffer "^5.1.0"

rolldown@^1.0.0-beta.38:
  version "1.0.0-beta.38"
  resolved "https://registry.npmjs.org/rolldown/-/rolldown-1.0.0-beta.38.tgz#5a33fb06ed6fd69e71ef38dab97cc6a1f891babd"
  integrity sha512-58frPNX55Je1YsyrtPJv9rOSR3G5efUZpRqok94Efsj0EUa8dnqJV3BldShyI7A+bVPleucOtzXHwVpJRcR0kQ==
  dependencies:
    "@oxc-project/types" "=0.89.0"
    "@rolldown/pluginutils" "1.0.0-beta.38"
    ansis "^4.0.0"
  optionalDependencies:
    "@rolldown/binding-android-arm64" "1.0.0-beta.38"
    "@rolldown/binding-darwin-arm64" "1.0.0-beta.38"
    "@rolldown/binding-darwin-x64" "1.0.0-beta.38"
    "@rolldown/binding-freebsd-x64" "1.0.0-beta.38"
    "@rolldown/binding-linux-arm-gnueabihf" "1.0.0-beta.38"
    "@rolldown/binding-linux-arm64-gnu" "1.0.0-beta.38"
    "@rolldown/binding-linux-arm64-musl" "1.0.0-beta.38"
    "@rolldown/binding-linux-x64-gnu" "1.0.0-beta.38"
    "@rolldown/binding-linux-x64-musl" "1.0.0-beta.38"
    "@rolldown/binding-openharmony-arm64" "1.0.0-beta.38"
    "@rolldown/binding-wasm32-wasi" "1.0.0-beta.38"
    "@rolldown/binding-win32-arm64-msvc" "1.0.0-beta.38"
    "@rolldown/binding-win32-ia32-msvc" "1.0.0-beta.38"
    "@rolldown/binding-win32-x64-msvc" "1.0.0-beta.38"

rollup-plugin-terser@^7.0.2:
  version "7.0.2"
  resolved "https://registry.npmjs.org/rollup-plugin-terser/-/rollup-plugin-terser-7.0.2.tgz#e8fbba4869981b2dc35ae7e8a502d5c6c04d324d"
  integrity sha512-w3iIaU4OxcF52UUXiZNsNeuXIMDvFrr+ZXK6bFZ0Q60qyVfq4uLptoS4bbq3paG3x216eQllFZX7zt6TIImguQ==
  dependencies:
    "@babel/code-frame" "^7.10.4"
    jest-worker "^26.2.1"
    serialize-javascript "^4.0.0"
    terser "^5.0.0"

safe-buffer@^5.1.0:
  version "5.2.1"
  resolved "https://registry.npmjs.org/safe-buffer/-/safe-buffer-5.2.1.tgz#1eaf9fa9bdb1fdd4ec75f58f9cdb4e6b7827eec6"
  integrity sha512-rp3So07KcdmmKbGvgaNxQSJr7bGVSVk5S9Eq1F+ppbRo70+YeaDxkw5Dd8NPN+GD6bjnYm2VuPuCXmpuYvmCXQ==

serialize-javascript@^4.0.0:
  version "4.0.0"
  resolved "https://registry.npmjs.org/serialize-javascript/-/serialize-javascript-4.0.0.tgz#b525e1238489a5ecfc42afacc3fe99e666f4b1aa"
  integrity sha512-GaNA54380uFefWghODBWEGisLZFj00nS5ACs6yHa9nLqlLpVLO8ChDGeKRjZnV4Nh4n0Qi7nhYZD/9fCPzEqkw==
  dependencies:
    randombytes "^2.1.0"

source-map-support@~0.5.20:
  version "0.5.21"
  resolved "https://registry.npmjs.org/source-map-support/-/source-map-support-0.5.21.tgz#04fe7c7f9e1ed2d662233c28cb2b35b9f63f6e4f"
  integrity sha512-uBHU3L3czsIyYXKX88fdrGovxdSCoTGDRZ6SYXtSRxLZUzHg5P/66Ht6uoUlHu9EZod+inXhKo3qQgwXUT/y1w==
  dependencies:
    buffer-from "^1.0.0"
    source-map "^0.6.0"

source-map@^0.6.0:
  version "0.6.1"
  resolved "https://registry.npmjs.org/source-map/-/source-map-0.6.1.tgz#74722af32e9614e9c287a8d0bbde48b5e2f1a263"
  integrity sha512-UjgapumWlbMhkBgzT7Ykc5YXUT46F0iKu8SGXq0bcwP5dz/h0Plj6enJqjz1Zbq2l5WaqYnrVbwWOWMyF3F47g==

supports-color@^7.0.0:
  version "7.2.0"
  resolved "https://registry.npmjs.org/supports-color/-/supports-color-7.2.0.tgz#1b7dcdcb32b8138801b3e478ba6a51caa89648da"
  integrity sha512-qpCAvRl9stuOHveKsn7HncJRvv501qIacKzQlO/+Lwxc9+0q2wLyv4Dfvt80/DPn2pqOBsJdDiogXGR9+OvwRw==
  dependencies:
    has-flag "^4.0.0"

terser@^5.0.0:
  version "5.44.0"
  resolved "https://registry.npmjs.org/terser/-/terser-5.44.0.tgz#ebefb8e5b8579d93111bfdfc39d2cf63879f4a82"
  integrity sha512-nIVck8DK+GM/0Frwd+nIhZ84pR/BX7rmXMfYwyg+Sri5oGVE99/E3KvXqpC2xHFxyqXyGHTKBSioxxplrO4I4w==
  dependencies:
    "@jridgewell/source-map" "^0.3.3"
    acorn "^8.15.0"
    commander "^2.20.0"
    source-map-support "~0.5.20"

tslib@^2.4.0:
  version "2.8.1"
  resolved "https://registry.npmjs.org/tslib/-/tslib-2.8.1.tgz#612efe4ed235d567e8aba5f2a5fab70280ade83f"
  integrity sha512-oJFu94HQb+KVduSUQL7wnpmqnfmLsOA/nAh6b6EH0wCEoK0/mPeXU6c3wKDV83MkOuHPRHtSXKKU99IBazS/2w==

undici-types@~7.12.0:
  version "7.12.0"
  resolved "https://registry.npmjs.org/undici-types/-/undici-types-7.12.0.tgz#15c5c7475c2a3ba30659529f5cdb4674b622fafb"
  integrity sha512-goOacqME2GYyOZZfb5Lgtu+1IDmAlAEu5xnD3+xTzS10hT0vzpf0SPjkXwAw9Jm+4n/mQGDP3LO8CPbYROeBfQ==
